# THIS IS AN AUTOGENERATED FILE. DO NOT EDIT THIS FILE DIRECTLY.
# yarn lockfile v1


"@tauri-apps/api@^1.0.0-beta.8":
  version "1.0.0-beta.8"
  resolved "https://registry.yarnpkg.com/@tauri-apps/api/-/api-1.0.0-beta.8.tgz#a43dc4a4515148f29bfb616db85445b771e84f78"
  integrity sha512-a56lXB7XvQ4+fKtT0pxpkjTSKhyrQ1Vmjyvt2ox3mT9xw3l7s8IOKHJ1WuqW6TA6xdoy3Cyja3Z3prw8hflS7g==

"@tauri-apps/cli-darwin-arm64@2.0.0-alpha.16":
  version "2.0.0-alpha.16"
  resolved "https://registry.yarnpkg.com/@tauri-apps/cli-darwin-arm64/-/cli-darwin-arm64-2.0.0-alpha.16.tgz#2fcae945080b99475a9427d2de1942638c088b5d"
  integrity sha512-T/yu8+m4XrI1Ja5aVnsv4v5aGqIvwz1egHarMgh4LXrlMioJ60BoxDPfenaUokO6NVee212woFSmH6p4S7V8PA==

"@tauri-apps/cli-darwin-x64@2.0.0-alpha.16":
  version "2.0.0-alpha.16"
  resolved "https://registry.yarnpkg.com/@tauri-apps/cli-darwin-x64/-/cli-darwin-x64-2.0.0-alpha.16.tgz#7b6b698f84455549d271b2c622fe67690f7f7c97"
  integrity sha512-mhYB/UPeyn++GI0Tt8y90WmHU75Fh9yZ7cBtRCrF94kOOEldQGYqS26dwhsRrSgnNYB7vYvVPhHzQsKWziParQ==

"@tauri-apps/cli-linux-arm-gnueabihf@2.0.0-alpha.16":
  version "2.0.0-alpha.16"
  resolved "https://registry.yarnpkg.com/@tauri-apps/cli-linux-arm-gnueabihf/-/cli-linux-arm-gnueabihf-2.0.0-alpha.16.tgz#0197d65e8f3664d1f22cfaff4454526ce1065b19"
  integrity sha512-YP+4BSNN2ESgPnoIO37nw5tOi2k2rrU2eoeJHxQpOmRrQakjBrcZFP1HGjY3cOturexIKUALH69Ol9K6WzrJIQ==

"@tauri-apps/cli-linux-arm64-gnu@2.0.0-alpha.16":
  version "2.0.0-alpha.16"
  resolved "https://registry.yarnpkg.com/@tauri-apps/cli-linux-arm64-gnu/-/cli-linux-arm64-gnu-2.0.0-alpha.16.tgz#231f623776f8f753bbf88d9235e394683ac89b97"
  integrity sha512-mP/I6AdlRnrbZBUMKJWo4JsZStYD+7szh/1oo4zmDfWx0z6HUzgN6gxL+CR0pLex4kCJGUNeo1aZCGBJKzEdHg==

"@tauri-apps/cli-linux-arm64-musl@2.0.0-alpha.16":
  version "2.0.0-alpha.16"
  resolved "https://registry.yarnpkg.com/@tauri-apps/cli-linux-arm64-musl/-/cli-linux-arm64-musl-2.0.0-alpha.16.tgz#aad0b55d51df98e90e4434adb5f897a083a02e33"
  integrity sha512-i58pTClYkn9BBhMShNycRUJD+cfxHs+PV5PPHhBJdi3+zpL0zHNTlZAjTMpO/o4hmTYhw1rbk+kPzXEaiAnt0w==

"@tauri-apps/cli-linux-x64-gnu@2.0.0-alpha.16":
  version "2.0.0-alpha.16"
  resolved "https://registry.yarnpkg.com/@tauri-apps/cli-linux-x64-gnu/-/cli-linux-x64-gnu-2.0.0-alpha.16.tgz#d7d00ffa1da6b3b061b2a8529af1c7df9463b6bb"
  integrity sha512-GLb0+MvoC6/7l5HXhF3Ii1Uodg6K6l8tfSaQ7H8qplp9oVgMvNi8yd9myRT8SYApjsC1pViXTib+5n2pp3VS0A==

"@tauri-apps/cli-linux-x64-musl@2.0.0-alpha.16":
  version "2.0.0-alpha.16"
  resolved "https://registry.yarnpkg.com/@tauri-apps/cli-linux-x64-musl/-/cli-linux-x64-musl-2.0.0-alpha.16.tgz#595a9e084feebc96080d1a050c5c805101f2e852"
  integrity sha512-pZXuwVQpInzW8YjmhJsDPx3ovfVFbKJkUnXTgmVe8RvQSh6BxCSLyq8z4WG6zBRBdpjg8L5jVM8/MWf/QhdCVg==

"@tauri-apps/cli-win32-arm64-msvc@2.0.0-alpha.16":
  version "2.0.0-alpha.16"
  resolved "https://registry.yarnpkg.com/@tauri-apps/cli-win32-arm64-msvc/-/cli-win32-arm64-msvc-2.0.0-alpha.16.tgz#7988a4b79e20513e44e0105ae53ce882a749b7be"
  integrity sha512-YB1urpcOfSMRhKi+0Cj8I2T+dlU2Vqqc/ao+8O4wiHibGFyGIcuL/DJfC/7nHyFUngac7Shyz8/VRKgvd/jEvw==

"@tauri-apps/cli-win32-ia32-msvc@2.0.0-alpha.16":
  version "2.0.0-alpha.16"
  resolved "https://registry.yarnpkg.com/@tauri-apps/cli-win32-ia32-msvc/-/cli-win32-ia32-msvc-2.0.0-alpha.16.tgz#2a9f74addac584087688ab86c776530e93ba6cf1"
  integrity sha512-IdODN3LwzwCaJOv1muiOhy0yD3IAIdu2UGacEukM9gnJ1VsK/JqU9ufH0SAFQkxKTWc6wpKykEAfuSNRlMIa5A==

"@tauri-apps/cli-win32-x64-msvc@2.0.0-alpha.16":
  version "2.0.0-alpha.16"
  resolved "https://registry.yarnpkg.com/@tauri-apps/cli-win32-x64-msvc/-/cli-win32-x64-msvc-2.0.0-alpha.16.tgz#ab5d7e10519da1d5c663f6451248f99a132b38a9"
  integrity sha512-T2kg6o3Ca5cC2i5BdjsGCym0yZ64c9BGO5cmtCCrIardMTYB3hUHDvekOmKviBfqQbIsBHGZfnLDDbmjnwTLvA==

"@tauri-apps/cli@^2.0.0-alpha.16":
  version "2.0.0-alpha.16"
  resolved "https://registry.yarnpkg.com/@tauri-apps/cli/-/cli-2.0.0-alpha.16.tgz#ba2b929619ed37da54bd24fa62ca4796966a6154"
  integrity sha512-zh2psjmHLkoHZkzUN1aPqcOE4KTLRTRJdd+K8CsD/y5nbQdek8qjc8ToohV2FNHDkBq0O/yETsPmPPLgQfhVhg==
  optionalDependencies:
    "@tauri-apps/cli-darwin-arm64" "2.0.0-alpha.16"
    "@tauri-apps/cli-darwin-x64" "2.0.0-alpha.16"
    "@tauri-apps/cli-linux-arm-gnueabihf" "2.0.0-alpha.16"
    "@tauri-apps/cli-linux-arm64-gnu" "2.0.0-alpha.16"
    "@tauri-apps/cli-linux-arm64-musl" "2.0.0-alpha.16"
    "@tauri-apps/cli-linux-x64-gnu" "2.0.0-alpha.16"
    "@tauri-apps/cli-linux-x64-musl" "2.0.0-alpha.16"
    "@tauri-apps/cli-win32-arm64-msvc" "2.0.0-alpha.16"
    "@tauri-apps/cli-win32-ia32-msvc" "2.0.0-alpha.16"
    "@tauri-apps/cli-win32-x64-msvc" "2.0.0-alpha.16"
